
Microsoft Visual Studio Solution File, Format Version 12.00
# Visual Studio 15
VisualStudioVersion = 15.0.27428.1
MinimumVisualStudioVersion = 10.0.40219.1
Project("{FAE04EC0-301F-11D3-BF4B-00C04F79EFBC}") = "RusskiiDexLesson6", "RusskiiDexLesson6\RusskiiDexLesson6.csproj", "{33C6BC7E-3FB4-449B-9E01-94ED001B2E99}"
EndProject
Global
	GlobalSection(SolutionConfigurationPlatforms) = preSolution
		Debug|Any CPU = Debug|Any CPU
		Release|Any CPU = Release|Any CPU
	EndGlobalSection
	GlobalSection(ProjectConfigurationPlatforms) = postSolution
		{33C6BC7E-3FB4-449B-9E01-94ED001B2E99}.Debug|Any CPU.ActiveCfg = Debug|Any CPU
		{33C6BC7E-3FB4-449B-9E01-94ED001B2E99}.Debug|Any CPU.Build.0 = Debug|Any CPU
		{33C6BC7E-3FB4-449B-9E01-94ED001B2E99}.Release|Any CPU.ActiveCfg = Release|Any CPU
		{33C6BC7E-3FB4-449B-9E01-94ED001B2E99}.Release|Any CPU.Build.0 = Release|Any CPU
	EndGlobalSection
	GlobalSection(SolutionProperties) = preSolution
		HideSolutionNode = FALSE
	EndGlobalSection
	GlobalSection(ExtensibilityGlobals) = postSolution
		SolutionGuid = {0711989F-AF62-4E6B-9745-CA491D3CCFD5}
	EndGlobalSection
EndGlobal
