
Microsoft Visual Studio Solution File, Format Version 12.00
# Visual Studio 15
VisualStudioVersion = 15.0.27428.1
MinimumVisualStudioVersion = 10.0.40219.1
Project("{FAE04EC0-301F-11D3-BF4B-00C04F79EFBC}") = "Dex_2Lesson_SamplesForValueType", "Dex_2Lesson_SamplesForValueType\Dex_2Lesson_SamplesForValueType.csproj", "{14563274-55B7-4284-89D3-60B12755270B}"
EndProject
Global
	GlobalSection(SolutionConfigurationPlatforms) = preSolution
		Debug|Any CPU = Debug|Any CPU
		Release|Any CPU = Release|Any CPU
	EndGlobalSection
	GlobalSection(ProjectConfigurationPlatforms) = postSolution
		{14563274-55B7-4284-89D3-60B12755270B}.Debug|Any CPU.ActiveCfg = Debug|Any CPU
		{14563274-55B7-4284-89D3-60B12755270B}.Debug|Any CPU.Build.0 = Debug|Any CPU
		{14563274-55B7-4284-89D3-60B12755270B}.Release|Any CPU.ActiveCfg = Release|Any CPU
		{14563274-55B7-4284-89D3-60B12755270B}.Release|Any CPU.Build.0 = Release|Any CPU
	EndGlobalSection
	GlobalSection(SolutionProperties) = preSolution
		HideSolutionNode = FALSE
	EndGlobalSection
	GlobalSection(ExtensibilityGlobals) = postSolution
		SolutionGuid = {2747F5CC-96CE-4F8F-9EC4-CFFEDFFE79A2}
	EndGlobalSection
EndGlobal
